
Microsoft Visual Studio Solution File, Format Version 12.00
# Visual Studio 14
VisualStudioVersion = 14.0.24720.0
MinimumVisualStudioVersion = 10.0.40219.1
Project("{FAE04EC0-301F-11D3-BF4B-00C04F79EFBC}") = "VINA_BATCH", "VINA_BATCH\VINA_BATCH.csproj", "{8B5CCBA3-2F87-4ED0-BD58-206FDEF85295}"
EndProject
Project("{FAE04EC0-301F-11D3-BF4B-00C04F79EFBC}") = "VINA_BATCH_TESTS", "VINA_BATCH_TESTS\VINA_BATCH_TESTS.csproj", "{F962C458-B789-4313-AB6A-2A705ECE84CE}"
EndProject
Global
	GlobalSection(SolutionConfigurationPlatforms) = preSolution
		Debug|Any CPU = Debug|Any CPU
		Release|Any CPU = Release|Any CPU
	EndGlobalSection
	GlobalSection(ProjectConfigurationPlatforms) = postSolution
		{8B5CCBA3-2F87-4ED0-BD58-206FDEF85295}.Debug|Any CPU.ActiveCfg = Debug|Any CPU
		{8B5CCBA3-2F87-4ED0-BD58-206FDEF85295}.Debug|Any CPU.Build.0 = Debug|Any CPU
		{8B5CCBA3-2F87-4ED0-BD58-206FDEF85295}.Release|Any CPU.ActiveCfg = Release|Any CPU
		{8B5CCBA3-2F87-4ED0-BD58-206FDEF85295}.Release|Any CPU.Build.0 = Release|Any CPU
		{F962C458-B789-4313-AB6A-2A705ECE84CE}.Debug|Any CPU.ActiveCfg = Debug|Any CPU
		{F962C458-B789-4313-AB6A-2A705ECE84CE}.Debug|Any CPU.Build.0 = Debug|Any CPU
		{F962C458-B789-4313-AB6A-2A705ECE84CE}.Release|Any CPU.ActiveCfg = Release|Any CPU
		{F962C458-B789-4313-AB6A-2A705ECE84CE}.Release|Any CPU.Build.0 = Release|Any CPU
	EndGlobalSection
	GlobalSection(SolutionProperties) = preSolution
		HideSolutionNode = FALSE
	EndGlobalSection
EndGlobal
